
Microsoft Visual Studio Solution File, Format Version 12.00
# Visual Studio Version 17
VisualStudioVersion = 17.5.33502.453
MinimumVisualStudioVersion = 10.0.40219.1
Project("{FAE04EC0-301F-11D3-BF4B-00C04F79EFBC}") = "EFCore", "EFCore\EFCore.csproj", "{EB76FDC0-2537-445B-B54E-491897D15C9D}"
EndProject
Global
	GlobalSection(SolutionConfigurationPlatforms) = preSolution
		Debug|Any CPU = Debug|Any CPU
		Release|Any CPU = Release|Any CPU
	EndGlobalSection
	GlobalSection(ProjectConfigurationPlatforms) = postSolution
		{EB76FDC0-2537-445B-B54E-491897D15C9D}.Debug|Any CPU.ActiveCfg = Debug|Any CPU
		{EB76FDC0-2537-445B-B54E-491897D15C9D}.Debug|Any CPU.Build.0 = Debug|Any CPU
		{EB76FDC0-2537-445B-B54E-491897D15C9D}.Release|Any CPU.ActiveCfg = Release|Any CPU
		{EB76FDC0-2537-445B-B54E-491897D15C9D}.Release|Any CPU.Build.0 = Release|Any CPU
	EndGlobalSection
	GlobalSection(SolutionProperties) = preSolution
		HideSolutionNode = FALSE
	EndGlobalSection
	GlobalSection(ExtensibilityGlobals) = postSolution
		SolutionGuid = {7A0A577F-369D-4325-BFB3-8C899D017C02}
	EndGlobalSection
EndGlobal
